// !$*UTF8*$!
{
	archiveVersion = 1;
	classes = {
	};
	objectVersion = 50;
	objects = {

/* Begin PBXBuildFile section */
		5DBB6CF6250BAD160081013F /* AppDelegate.swift in Sources */ = {isa = PBXBuildFile; fileRef = 5DBB6CF5250BAD160081013F /* AppDelegate.swift */; };
		5DBB6CF8250BAD160081013F /* SceneDelegate.swift in Sources */ = {isa = PBXBuildFile; fileRef = 5DBB6CF7250BAD160081013F /* SceneDelegate.swift */; };
		5DBB6CFA250BAD160081013F /* ViewController.swift in Sources */ = {isa = PBXBuildFile; fileRef = 5DBB6CF9250BAD160081013F /* ViewController.swift */; };
		5DBB6CFD250BAD160081013F /* Main.storyboard in Resources */ = {isa = PBXBuildFile; fileRef = 5DBB6CFB250BAD160081013F /* Main.storyboard */; };
		5DBB6CFF250BAD1B0081013F /* Assets.xcassets in Resources */ = {isa = PBXBuildFile; fileRef = 5DBB6CFE250BAD1B0081013F /* Assets.xcassets */; };
		5DBB6D02250BAD1B0081013F /* LaunchScreen.storyboard in Resources */ = {isa = PBXBuildFile; fileRef = 5DBB6D00250BAD1B0081013F /* LaunchScreen.storyboard */; };
		5DBB6D0D250BAD1B0081013F /* ItsuDareGameTests.swift in Sources */ = {isa = PBXBuildFile; fileRef = 5DBB6D0C250BAD1B0081013F /* ItsuDareGameTests.swift */; };
		5DBB6D18250BAD1B0081013F /* ItsuDareGameUITests.swift in Sources */ = {isa = PBXBuildFile; fileRef = 5DBB6D17250BAD1B0081013F /* ItsuDareGameUITests.swift */; };
		5DBB6D26250BAD6C0081013F /* haikei.jpg in Resources */ = {isa = PBXBuildFile; fileRef = 5DBB6D25250BAD6C0081013F /* haikei.jpg */; };
/* End PBXBuildFile section */

/* Begin PBXContainerItemProxy section */
		5DBB6D09250BAD1B0081013F /* PBXContainerItemProxy */ = {
			isa = PBXContainerItemProxy;
			containerPortal = 5DBB6CEA250BAD160081013F /* Project object */;
			proxyType = 1;
			remoteGlobalIDString = 5DBB6CF1250BAD160081013F;
			remoteInfo = ItsuDareGame;
		};
		5DBB6D14250BAD1B0081013F /* PBXContainerItemProxy */ = {
			isa = PBXContainerItemProxy;
			containerPortal = 5DBB6CEA250BAD160081013F /* Project object */;
			proxyType = 1;
			remoteGlobalIDString = 5DBB6CF1250BAD160081013F;
			remoteInfo = ItsuDareGame;
		};
/* End PBXContainerItemProxy section */

/* Begin PBXFileReference section */
		5DBB6CF2250BAD160081013F /* ItsuDareGame.app */ = {isa = PBXFileReference; explicitFileType = wrapper.application; includeInIndex = 0; path = ItsuDareGame.app; sourceTree = BUILT_PRODUCTS_DIR; };
		5DBB6CF5250BAD160081013F /* AppDelegate.swift */ = {isa = PBXFileReference; lastKnownFileType = sourcecode.swift; path = AppDelegate.swift; sourceTree = "<group>"; };
		5DBB6CF7250BAD160081013F /* SceneDelegate.swift */ = {isa = PBXFileReference; lastKnownFileType = sourcecode.swift; path = SceneDelegate.swift; sourceTree = "<group>"; };
		5DBB6CF9250BAD160081013F /* ViewController.swift */ = {isa = PBXFileReference; lastKnownFileType = sourcecode.swift; path = ViewController.swift; sourceTree = "<group>"; };
		5DBB6CFC250BAD160081013F /* Base */ = {isa = PBXFileReference; lastKnownFileType = file.storyboard; name = Base; path = Base.lproj/Main.storyboard; sourceTree = "<group>"; };
		5DBB6CFE250BAD1B0081013F /* Assets.xcassets */ = {isa = PBXFileReference; lastKnownFileType = folder.assetcatalog; path = Assets.xcassets; sourceTree = "<group>"; };
		5DBB6D01250BAD1B0081013F /* Base */ = {isa = PBXFileReference; lastKnownFileType = file.storyboard; name = Base; path = Base.lproj/LaunchScreen.storyboard; sourceTree = "<group>"; };
		5DBB6D03250BAD1B0081013F /* Info.plist */ = {isa = PBXFileReference; lastKnownFileType = text.plist.xml; path = Info.plist; sourceTree = "<group>"; };
		5DBB6D08250BAD1B0081013F /* ItsuDareGameTests.xctest */ = {isa = PBXFileReference; explicitFileType = wrapper.cfbundle; includeInIndex = 0; path = ItsuDareGameTests.xctest; sourceTree = BUILT_PRODUCTS_DIR; };
		5DBB6D0C250BAD1B0081013F /* ItsuDareGameTests.swift */ = {isa = PBXFileReference; lastKnownFileType = sourcecode.swift; path = ItsuDareGameTests.swift; sourceTree = "<group>"; };
		5DBB6D0E250BAD1B0081013F /* Info.plist */ = {isa = PBXFileReference; lastKnownFileType = text.plist.xml; path = Info.plist; sourceTree = "<group>"; };
		5DBB6D13250BAD1B0081013F /* ItsuDareGameUITests.xctest */ = {isa = PBXFileReference; explicitFileType = wrapper.cfbundle; includeInIndex = 0; path = ItsuDareGameUITests.xctest; sourceTree = BUILT_PRODUCTS_DIR; };
		5DBB6D17250BAD1B0081013F /* ItsuDareGameUITests.swift */ = {isa = PBXFileReference; lastKnownFileType = sourcecode.swift; path = ItsuDareGameUITests.swift; sourceTree = "<group>"; };
		5DBB6D19250BAD1B0081013F /* Info.plist */ = {isa = PBXFileReference; lastKnownFileType = text.plist.xml; path = Info.plist; sourceTree = "<group>"; };
		5DBB6D25250BAD6C0081013F /* haikei.jpg */ = {isa = PBXFileReference; lastKnownFileType = image.jpeg; path = haikei.jpg; sourceTree = "<group>"; };
/* End PBXFileReference section */

/* Begin PBXFrameworksBuildPhase section */
		5DBB6CEF250BAD160081013F /* Frameworks */ = {
			isa = PBXFrameworksBuildPhase;
			buildActionMask = 2147483647;
			files = (
			);
			runOnlyForDeploymentPostprocessing = 0;
		};
		5DBB6D05250BAD1B0081013F /* Frameworks */ = {
			isa = PBXFrameworksBuildPhase;
			buildActionMask = 2147483647;
			files = (
			);
			runOnlyForDeploymentPostprocessing = 0;
		};
		5DBB6D10250BAD1B0081013F /* Frameworks */ = {
			isa = PBXFrameworksBuildPhase;
			buildActionMask = 2147483647;
			files = (
			);
			runOnlyForDeploymentPostprocessing = 0;
		};
/* End PBXFrameworksBuildPhase section */

/* Begin PBXGroup section */
		5DBB6CE9250BAD160081013F = {
			isa = PBXGroup;
			children = (
				5DBB6CF4250BAD160081013F /* ItsuDareGame */,
				5DBB6D0B250BAD1B0081013F /* ItsuDareGameTests */,
				5DBB6D16250BAD1B0081013F /* ItsuDareGameUITests */,
				5DBB6CF3250BAD160081013F /* Products */,
			);
			sourceTree = "<group>";
		};
		5DBB6CF3250BAD160081013F /* Products */ = {
			isa = PBXGroup;
			children = (
				5DBB6CF2250BAD160081013F /* ItsuDareGame.app */,
				5DBB6D08250BAD1B0081013F /* ItsuDareGameTests.xctest */,
				5DBB6D13250BAD1B0081013F /* ItsuDareGameUITests.xctest */,
			);
			name = Products;
			sourceTree = "<group>";
		};
		5DBB6CF4250BAD160081013F /* ItsuDareGame */ = {
			isa = PBXGroup;
			children = (
				5DBB6D25250BAD6C0081013F /* haikei.jpg */,
				5DBB6CF5250BAD160081013F /* AppDelegate.swift */,
				5DBB6CF7250BAD160081013F /* SceneDelegate.swift */,
				5DBB6CF9250BAD160081013F /* ViewController.swift */,
				5DBB6CFB250BAD160081013F /* Main.storyboard */,
				5DBB6CFE250BAD1B0081013F /* Assets.xcassets */,
				5DBB6D00250BAD1B0081013F /* LaunchScreen.storyboard */,
				5DBB6D03250BAD1B0081013F /* Info.plist */,
			);
			path = ItsuDareGame;
			sourceTree = "<group>";
		};
		5DBB6D0B250BAD1B0081013F /* ItsuDareGameTests */ = {
			isa = PBXGroup;
			children = (
				5DBB6D0C250BAD1B0081013F /* ItsuDareGameTests.swift */,
				5DBB6D0E250BAD1B0081013F /* Info.plist */,
			);
			path = ItsuDareGameTests;
			sourceTree = "<group>";
		};
		5DBB6D16250BAD1B0081013F /* ItsuDareGameUITests */ = {
			isa = PBXGroup;
			children = (
				5DBB6D17250BAD1B0081013F /* ItsuDareGameUITests.swift */,
				5DBB6D19250BAD1B0081013F /* Info.plist */,
			);
			path = ItsuDareGameUITests;
			sourceTree = "<group>";
		};
/* End PBXGroup section */

/* Begin PBXNativeTarget section */
		5DBB6CF1250BAD160081013F /* ItsuDareGame */ = {
			isa = PBXNativeTarget;
			buildConfigurationList = 5DBB6D1C250BAD1B0081013F /* Build configuration list for PBXNativeTarget "ItsuDareGame" */;
			buildPhases = (
				5DBB6CEE250BAD160081013F /* Sources */,
				5DBB6CEF250BAD160081013F /* Frameworks */,
				5DBB6CF0250BAD160081013F /* Resources */,
			);
			buildRules = (
			);
			dependencies = (
			);
			name = ItsuDareGame;
			productName = ItsuDareGame;
			productReference = 5DBB6CF2250BAD160081013F /* ItsuDareGame.app */;
			productType = "com.apple.product-type.application";
		};
		5DBB6D07250BAD1B0081013F /* ItsuDareGameTests */ = {
			isa = PBXNativeTarget;
			buildConfigurationList = 5DBB6D1F250BAD1B0081013F /* Build configuration list for PBXNativeTarget "ItsuDareGameTests" */;
			buildPhases = (
				5DBB6D04250BAD1B0081013F /* Sources */,
				5DBB6D05250BAD1B0081013F /* Frameworks */,
				5DBB6D06250BAD1B0081013F /* Resources */,
			);
			buildRules = (
			);
			dependencies = (
				5DBB6D0A250BAD1B0081013F /* PBXTargetDependency */,
			);
			name = ItsuDareGameTests;
			productName = ItsuDareGameTests;
			productReference = 5DBB6D08250BAD1B0081013F /* ItsuDareGameTests.xctest */;
			productType = "com.apple.product-type.bundle.unit-test";
		};
		5DBB6D12250BAD1B0081013F /* ItsuDareGameUITests */ = {
			isa = PBXNativeTarget;
			buildConfigurationList = 5DBB6D22250BAD1B0081013F /* Build configuration list for PBXNativeTarget "ItsuDareGameUITests" */;
			buildPhases = (
				5DBB6D0F250BAD1B0081013F /* Sources */,
				5DBB6D10250BAD1B0081013F /* Frameworks */,
				5DBB6D11250BAD1B0081013F /* Resources */,
			);
			buildRules = (
			);
			dependencies = (
				5DBB6D15250BAD1B0081013F /* PBXTargetDependency */,
			);
			name = ItsuDareGameUITests;
			productName = ItsuDareGameUITests;
			productReference = 5DBB6D13250BAD1B0081013F /* ItsuDareGameUITests.xctest */;
			productType = "com.apple.product-type.bundle.ui-testing";
		};
/* End PBXNativeTarget section */

/* Begin PBXProject section */
		5DBB6CEA250BAD160081013F /* Project object */ = {
			isa = PBXProject;
			attributes = {
				LastSwiftUpdateCheck = 1170;
				LastUpgradeCheck = 1170;
				ORGANIZATIONNAME = "Yamamoto Miu";
				TargetAttributes = {
					5DBB6CF1250BAD160081013F = {
						CreatedOnToolsVersion = 11.7;
					};
					5DBB6D07250BAD1B0081013F = {
						CreatedOnToolsVersion = 11.7;
						TestTargetID = 5DBB6CF1250BAD160081013F;
					};
					5DBB6D12250BAD1B0081013F = {
						CreatedOnToolsVersion = 11.7;
						TestTargetID = 5DBB6CF1250BAD160081013F;
					};
				};
			};
			buildConfigurationList = 5DBB6CED250BAD160081013F /* Build configuration list for PBXProject "ItsuDareGame" */;
			compatibilityVersion = "Xcode 9.3";
			developmentRegion = en;
			hasScannedForEncodings = 0;
			knownRegions = (
				en,
				Base,
			);
			mainGroup = 5DBB6CE9250BAD160081013F;
			productRefGroup = 5DBB6CF3250BAD160081013F /* Products */;
			projectDirPath = "";
			projectRoot = "";
			targets = (
				5DBB6CF1250BAD160081013F /* ItsuDareGame */,
				5DBB6D07250BAD1B0081013F /* ItsuDareGameTests */,
				5DBB6D12250BAD1B0081013F /* ItsuDareGameUITests */,
			);
		};
/* End PBXProject section */

/* Begin PBXResourcesBuildPhase section */
		5DBB6CF0250BAD160081013F /* Resources */ = {
			isa = PBXResourcesBuildPhase;
			buildActionMask = 2147483647;
			files = (
				5DBB6D26250BAD6C0081013F /* haikei.jpg in Resources */,
				5DBB6D02250BAD1B0081013F /* LaunchScreen.storyboard in Resources */,
				5DBB6CFF250BAD1B0081013F /* Assets.xcassets in Resources */,
				5DBB6CFD250BAD160081013F /* Main.storyboard in Resources */,
			);
			runOnlyForDeploymentPostprocessing = 0;
		};
		5DBB6D06250BAD1B0081013F /* Resources */ = {
			isa = PBXResourcesBuildPhase;
			buildActionMask = 2147483647;
			files = (
			);
			runOnlyForDeploymentPostprocessing = 0;
		};
		5DBB6D11250BAD1B0081013F /* Resources */ = {
			isa = PBXResourcesBuildPhase;
			buildActionMask = 2147483647;
			files = (
			);
			runOnlyForDeploymentPostprocessing = 0;
		};
/* End PBXResourcesBuildPhase section */

/* Begin PBXSourcesBuildPhase section */
		5DBB6CEE250BAD160081013F /* Sources */ = {
			isa = PBXSourcesBuildPhase;
			buildActionMask = 2147483647;
			files = (
				5DBB6CFA250BAD160081013F /* ViewController.swift in Sources */,
				5DBB6CF6250BAD160081013F /* AppDelegate.swift in Sources */,
				5DBB6CF8250BAD160081013F /* SceneDelegate.swift in Sources */,
			);
			runOnlyForDeploymentPostprocessing = 0;
		};
		5DBB6D04250BAD1B0081013F /* Sources */ = {
			isa = PBXSourcesBuildPhase;
			buildActionMask = 2147483647;
			files = (
				5DBB6D0D250BAD1B0081013F /* ItsuDareGameTests.swift in Sources */,
			);
			runOnlyForDeploymentPostprocessing = 0;
		};
		5DBB6D0F250BAD1B0081013F /* Sources */ = {
			isa = PBXSourcesBuildPhase;
			buildActionMask = 2147483647;
			files = (
				5DBB6D18250BAD1B0081013F /* ItsuDareGameUITests.swift in Sources */,
			);
			runOnlyForDeploymentPostprocessing = 0;
		};
/* End PBXSourcesBuildPhase section */

/* Begin PBXTargetDependency section */
		5DBB6D0A250BAD1B0081013F /* PBXTargetDependency */ = {
			isa = PBXTargetDependency;
			target = 5DBB6CF1250BAD160081013F /* ItsuDareGame */;
			targetProxy = 5DBB6D09250BAD1B0081013F /* PBXContainerItemProxy */;
		};
		5DBB6D15250BAD1B0081013F /* PBXTargetDependency */ = {
			isa = PBXTargetDependency;
			target = 5DBB6CF1250BAD160081013F /* ItsuDareGame */;
			targetProxy = 5DBB6D14250BAD1B0081013F /* PBXContainerItemProxy */;
		};
/* End PBXTargetDependency section */

/* Begin PBXVariantGroup section */
		5DBB6CFB250BAD160081013F /* Main.storyboard */ = {
			isa = PBXVariantGroup;
			children = (
				5DBB6CFC250BAD160081013F /* Base */,
			);
			name = Main.storyboard;
			sourceTree = "<group>";
		};
		5DBB6D00250BAD1B0081013F /* LaunchScreen.storyboard */ = {
			isa = PBXVariantGroup;
			children = (
				5DBB6D01250BAD1B0081013F /* Base */,
			);
			name = LaunchScreen.storyboard;
			sourceTree = "<group>";
		};
/* End PBXVariantGroup section */

/* Begin XCBuildConfiguration section */
		5DBB6D1A250BAD1B0081013F /* Debug */ = {
			isa = XCBuildConfiguration;
			buildSettings = {
				ALWAYS_SEARCH_USER_PATHS = NO;
				CLANG_ANALYZER_NONNULL = YES;
				CLANG_ANALYZER_NUMBER_OBJECT_CONVERSION = YES_AGGRESSIVE;
				CLANG_CXX_LANGUAGE_STANDARD = "gnu++14";
				CLANG_CXX_LIBRARY = "libc++";
				CLANG_ENABLE_MODULES = YES;
				CLANG_ENABLE_OBJC_ARC = YES;
				CLANG_ENABLE_OBJC_WEAK = YES;
				CLANG_WARN_BLOCK_CAPTURE_AUTORELEASING = YES;
				CLANG_WARN_BOOL_CONVERSION = YES;
				CLANG_WARN_COMMA = YES;
				CLANG_WARN_CONSTANT_CONVERSION = YES;
				CLANG_WARN_DEPRECATED_OBJC_IMPLEMENTATIONS = YES;
				CLANG_WARN_DIRECT_OBJC_ISA_USAGE = YES_ERROR;
				CLANG_WARN_DOCUMENTATION_COMMENTS = YES;
				CLANG_WARN_EMPTY_BODY = YES;
				CLANG_WARN_ENUM_CONVERSION = YES;
				CLANG_WARN_INFINITE_RECURSION = YES;
				CLANG_WARN_INT_CONVERSION = YES;
				CLANG_WARN_NON_LITERAL_NULL_CONVERSION = YES;
				CLANG_WARN_OBJC_IMPLICIT_RETAIN_SELF = YES;
				CLANG_WARN_OBJC_LITERAL_CONVERSION = YES;
				CLANG_WARN_OBJC_ROOT_CLASS = YES_ERROR;
				CLANG_WARN_RANGE_LOOP_ANALYSIS = YES;
				CLANG_WARN_STRICT_PROTOTYPES = YES;
				CLANG_WARN_SUSPICIOUS_MOVE = YES;
				CLANG_WARN_UNGUARDED_AVAILABILITY = YES_AGGRESSIVE;
				CLANG_WARN_UNREACHABLE_CODE = YES;
				CLANG_WARN__DUPLICATE_METHOD_MATCH = YES;
				COPY_PHASE_STRIP = NO;
				DEBUG_INFORMATION_FORMAT = dwarf;
				ENABLE_STRICT_OBJC_MSGSEND = YES;
				ENABLE_TESTABILITY = YES;
				GCC_C_LANGUAGE_STANDARD = gnu11;
				GCC_DYNAMIC_NO_PIC = NO;
				GCC_NO_COMMON_BLOCKS = YES;
				GCC_OPTIMIZATION_LEVEL = 0;
				GCC_PREPROCESSOR_DEFINITIONS = (
					"DEBUG=1",
					"$(inherited)",
				);
				GCC_WARN_64_TO_32_BIT_CONVERSION = YES;
				GCC_WARN_ABOUT_RETURN_TYPE = YES_ERROR;
				GCC_WARN_UNDECLARED_SELECTOR = YES;
				GCC_WARN_UNINITIALIZED_AUTOS = YES_AGGRESSIVE;
				GCC_WARN_UNUSED_FUNCTION = YES;
				GCC_WARN_UNUSED_VARIABLE = YES;
				IPHONEOS_DEPLOYMENT_TARGET = 13.7;
				MTL_ENABLE_DEBUG_INFO = INCLUDE_SOURCE;
				MTL_FAST_MATH = YES;
				ONLY_ACTIVE_ARCH = YES;
				SDKROOT = iphoneos;
				SWIFT_ACTIVE_COMPILATION_CONDITIONS = DEBUG;
				SWIFT_OPTIMIZATION_LEVEL = "-Onone";
			};
			name = Debug;
		};
		5DBB6D1B250BAD1B0081013F /* Release */ = {
			isa = XCBuildConfiguration;
			buildSettings = {
				ALWAYS_SEARCH_USER_PATHS = NO;
				CLANG_ANALYZER_NONNULL = YES;
				CLANG_ANALYZER_NUMBER_OBJECT_CONVERSION = YES_AGGRESSIVE;
				CLANG_CXX_LANGUAGE_STANDARD = "gnu++14";
				CLANG_CXX_LIBRARY = "libc++";
				CLANG_ENABLE_MODULES = YES;
				CLANG_ENABLE_OBJC_ARC = YES;
				CLANG_ENABLE_OBJC_WEAK = YES;
				CLANG_WARN_BLOCK_CAPTURE_AUTORELEASING = YES;
				CLANG_WARN_BOOL_CONVERSION = YES;
				CLANG_WARN_COMMA = YES;
				CLANG_WARN_CONSTANT_CONVERSION = YES;
				CLANG_WARN_DEPRECATED_OBJC_IMPLEMENTATIONS = YES;
				CLANG_WARN_DIRECT_OBJC_ISA_USAGE = YES_ERROR;
				CLANG_WARN_DOCUMENTATION_COMMENTS = YES;
				CLANG_WARN_EMPTY_BODY = YES;
				CLANG_WARN_ENUM_CONVERSION = YES;
				CLANG_WARN_INFINITE_RECURSION = YES;
				CLANG_WARN_INT_CONVERSION = YES;
				CLANG_WARN_NON_LITERAL_NULL_CONVERSION = YES;
				CLANG_WARN_OBJC_IMPLICIT_RETAIN_SELF = YES;
				CLANG_WARN_OBJC_LITERAL_CONVERSION = YES;
				CLANG_WARN_OBJC_ROOT_CLASS = YES_ERROR;
				CLANG_WARN_RANGE_LOOP_ANALYSIS = YES;
				CLANG_WARN_STRICT_PROTOTYPES = YES;
				CLANG_WARN_SUSPICIOUS_MOVE = YES;
				CLANG_WARN_UNGUARDED_AVAILABILITY = YES_AGGRESSIVE;
				CLANG_WARN_UNREACHABLE_CODE = YES;
				CLANG_WARN__DUPLICATE_METHOD_MATCH = YES;
				COPY_PHASE_STRIP = NO;
				DEBUG_INFORMATION_FORMAT = "dwarf-with-dsym";
				ENABLE_NS_ASSERTIONS = NO;
				ENABLE_STRICT_OBJC_MSGSEND = YES;
				GCC_C_LANGUAGE_STANDARD = gnu11;
				GCC_NO_COMMON_BLOCKS = YES;
				GCC_WARN_64_TO_32_BIT_CONVERSION = YES;
				GCC_WARN_ABOUT_RETURN_TYPE = YES_ERROR;
				GCC_WARN_UNDECLARED_SELECTOR = YES;
				GCC_WARN_UNINITIALIZED_AUTOS = YES_AGGRESSIVE;
				GCC_WARN_UNUSED_FUNCTION = YES;
				GCC_WARN_UNUSED_VARIABLE = YES;
				IPHONEOS_DEPLOYMENT_TARGET = 13.7;
				MTL_ENABLE_DEBUG_INFO = NO;
				MTL_FAST_MATH = YES;
				SDKROOT = iphoneos;
				SWIFT_COMPILATION_MODE = wholemodule;
				SWIFT_OPTIMIZATION_LEVEL = "-O";
				VALIDATE_PRODUCT = YES;
			};
			name = Release;
		};
		5DBB6D1D250BAD1B0081013F /* Debug */ = {
			isa = XCBuildConfiguration;
			buildSettings = {
				ASSETCATALOG_COMPILER_APPICON_NAME = AppIcon;
				CODE_SIGN_STYLE = Automatic;
				INFOPLIST_FILE = ItsuDareGame/Info.plist;
				LD_RUNPATH_SEARCH_PATHS = (
					"$(inherited)",
					"@executable_path/Frameworks",
				);
				PRODUCT_BUNDLE_IDENTIFIER = com.litech.ItsuDareGame;
				PRODUCT_NAME = "$(TARGET_NAME)";
				SWIFT_VERSION = 5.0;
				TARGETED_DEVICE_FAMILY = "1,2";
			};
			name = Debug;
		};
		5DBB6D1E250BAD1B0081013F /* Release */ = {
			isa = XCBuildConfiguration;
			buildSettings = {
				ASSETCATALOG_COMPILER_APPICON_NAME = AppIcon;
				CODE_SIGN_STYLE = Automatic;
				INFOPLIST_FILE = ItsuDareGame/Info.plist;
				LD_RUNPATH_SEARCH_PATHS = (
					"$(inherited)",
					"@executable_path/Frameworks",
				);
				PRODUCT_BUNDLE_IDENTIFIER = com.litech.ItsuDareGame;
				PRODUCT_NAME = "$(TARGET_NAME)";
				SWIFT_VERSION = 5.0;
				TARGETED_DEVICE_FAMILY = "1,2";
			};
			name = Release;
		};
		5DBB6D20250BAD1B0081013F /* Debug */ = {
			isa = XCBuildConfiguration;
			buildSettings = {
				ALWAYS_EMBED_SWIFT_STANDARD_LIBRARIES = YES;
				BUNDLE_LOADER = "$(TEST_HOST)";
				CODE_SIGN_STYLE = Automatic;
				INFOPLIST_FILE = ItsuDareGameTests/Info.plist;
				IPHONEOS_DEPLOYMENT_TARGET = 13.7;
				LD_RUNPATH_SEARCH_PATHS = (
					"$(inherited)",
					"@executable_path/Frameworks",
					"@loader_path/Frameworks",
				);
				PRODUCT_BUNDLE_IDENTIFIER = com.litech.ItsuDareGameTests;
				PRODUCT_NAME = "$(TARGET_NAME)";
				SWIFT_VERSION = 5.0;
				TARGETED_DEVICE_FAMILY = "1,2";
				TEST_HOST = "$(BUILT_PRODUCTS_DIR)/ItsuDareGame.app/ItsuDareGame";
			};
			name = Debug;
		};
		5DBB6D21250BAD1B0081013F /* Release */ = {
			isa = XCBuildConfiguration;
			buildSettings = {
				ALWAYS_EMBED_SWIFT_STANDARD_LIBRARIES = YES;
				BUNDLE_LOADER = "$(TEST_HOST)";
				CODE_SIGN_STYLE = Automatic;
				INFOPLIST_FILE = ItsuDareGameTests/Info.plist;
				IPHONEOS_DEPLOYMENT_TARGET = 13.7;
				LD_RUNPATH_SEARCH_PATHS = (
					"$(inherited)",
					"@executable_path/Frameworks",
					"@loader_path/Frameworks",
				);
				PRODUCT_BUNDLE_IDENTIFIER = com.litech.ItsuDareGameTests;
				PRODUCT_NAME = "$(TARGET_NAME)";
				SWIFT_VERSION = 5.0;
				TARGETED_DEVICE_FAMILY = "1,2";
				TEST_HOST = "$(BUILT_PRODUCTS_DIR)/ItsuDareGame.app/ItsuDareGame";
			};
			name = Release;
		};
		5DBB6D23250BAD1B0081013F /* Debug */ = {
			isa = XCBuildConfiguration;
			buildSettings = {
				ALWAYS_EMBED_SWIFT_STANDARD_LIBRARIES = YES;
				CODE_SIGN_STYLE = Automatic;
				INFOPLIST_FILE = ItsuDareGameUITests/Info.plist;
				LD_RUNPATH_SEARCH_PATHS = (
					"$(inherited)",
					"@executable_path/Frameworks",
					"@loader_path/Frameworks",
				);
				PRODUCT_BUNDLE_IDENTIFIER = com.litech.ItsuDareGameUITests;
				PRODUCT_NAME = "$(TARGET_NAME)";
				SWIFT_VERSION = 5.0;
				TARGETED_DEVICE_FAMILY = "1,2";
				TEST_TARGET_NAME = ItsuDareGame;
			};
			name = Debug;
		};
		5DBB6D24250BAD1B0081013F /* Release */ = {
			isa = XCBuildConfiguration;
			buildSettings = {
				ALWAYS_EMBED_SWIFT_STANDARD_LIBRARIES = YES;
				CODE_SIGN_STYLE = Automatic;
				INFOPLIST_FILE = ItsuDareGameUITests/Info.plist;
				LD_RUNPATH_SEARCH_PATHS = (
					"$(inherited)",
					"@executable_path/Frameworks",
					"@loader_path/Frameworks",
				);
				PRODUCT_BUNDLE_IDENTIFIER = com.litech.ItsuDareGameUITests;
				PRODUCT_NAME = "$(TARGET_NAME)";
				SWIFT_VERSION = 5.0;
				TARGETED_DEVICE_FAMILY = "1,2";
				TEST_TARGET_NAME = ItsuDareGame;
			};
			name = Release;
		};
/* End XCBuildConfiguration section */

/* Begin XCConfigurationList section */
		5DBB6CED250BAD160081013F /* Build configuration list for PBXProject "ItsuDareGame" */ = {
			isa = XCConfigurationList;
			buildConfigurations = (
				5DBB6D1A250BAD1B0081013F /* Debug */,
				5DBB6D1B250BAD1B0081013F /* Release */,
			);
			defaultConfigurationIsVisible = 0;
			defaultConfigurationName = Release;
		};
		5DBB6D1C250BAD1B0081013F /* Build configuration list for PBXNativeTarget "ItsuDareGame" */ = {
			isa = XCConfigurationList;
			buildConfigurations = (
				5DBB6D1D250BAD1B0081013F /* Debug */,
				5DBB6D1E250BAD1B0081013F /* Release */,
			);
			defaultConfigurationIsVisible = 0;
			defaultConfigurationName = Release;
		};
		5DBB6D1F250BAD1B0081013F /* Build configuration list for PBXNativeTarget "ItsuDareGameTests" */ = {
			isa = XCConfigurationList;
			buildConfigurations = (
				5DBB6D20250BAD1B0081013F /* Debug */,
				5DBB6D21250BAD1B0081013F /* Release */,
			);
			defaultConfigurationIsVisible = 0;
			defaultConfigurationName = Release;
		};
		5DBB6D22250BAD1B0081013F /* Build configuration list for PBXNativeTarget "ItsuDareGameUITests" */ = {
			isa = XCConfigurationList;
			buildConfigurations = (
				5DBB6D23250BAD1B0081013F /* Debug */,
				5DBB6D24250BAD1B0081013F /* Release */,
			);
			defaultConfigurationIsVisible = 0;
			defaultConfigurationName = Release;
		};
/* End XCConfigurationList section */
	};
	rootObject = 5DBB6CEA250BAD160081013F /* Project object */;
}
